
Microsoft Visual Studio Solution File, Format Version 12.00
# Visual Studio Version 17
VisualStudioVersion = 17.8.34601.278
MinimumVisualStudioVersion = 10.0.40219.1
Project("{FAE04EC0-301F-11D3-BF4B-00C04F79EFBC}") = "Am I Positive", "Am I Positive\Am I Positive.csproj", "{2E44E695-EB9A-4BD0-9870-D990EAF9E0A1}"
EndProject
Global
	GlobalSection(SolutionConfigurationPlatforms) = preSolution
		Debug|Any CPU = Debug|Any CPU
		Release|Any CPU = Release|Any CPU
	EndGlobalSection
	GlobalSection(ProjectConfigurationPlatforms) = postSolution
		{2E44E695-EB9A-4BD0-9870-D990EAF9E0A1}.Debug|Any CPU.ActiveCfg = Debug|Any CPU
		{2E44E695-EB9A-4BD0-9870-D990EAF9E0A1}.Debug|Any CPU.Build.0 = Debug|Any CPU
		{2E44E695-EB9A-4BD0-9870-D990EAF9E0A1}.Release|Any CPU.ActiveCfg = Release|Any CPU
		{2E44E695-EB9A-4BD0-9870-D990EAF9E0A1}.Release|Any CPU.Build.0 = Release|Any CPU
	EndGlobalSection
	GlobalSection(SolutionProperties) = preSolution
		HideSolutionNode = FALSE
	EndGlobalSection
	GlobalSection(ExtensibilityGlobals) = postSolution
		SolutionGuid = {CDDB2FFC-E9C3-43BC-B7D1-58E9D705AB2C}
	EndGlobalSection
EndGlobal
